
Microsoft Visual Studio Solution File, Format Version 11.00
# Visual Studio 2010
Project("{FAE04EC0-301F-11D3-BF4B-00C04F79EFBC}") = "XIVApp", "XIVApp\XIVApp.csproj", "{B1243315-3D31-4DFC-99EC-A8D721B9B52E}"
EndProject
Global
	GlobalSection(SubversionScc) = preSolution
		Svn-Managed = True
		Manager = AnkhSVN - Subversion Support for Visual Studio
	EndGlobalSection
	GlobalSection(SolutionConfigurationPlatforms) = preSolution
		Debug|x86 = Debug|x86
		Release|x86 = Release|x86
	EndGlobalSection
	GlobalSection(ProjectConfigurationPlatforms) = postSolution
		{B1243315-3D31-4DFC-99EC-A8D721B9B52E}.Debug|x86.ActiveCfg = Debug|x86
		{B1243315-3D31-4DFC-99EC-A8D721B9B52E}.Debug|x86.Build.0 = Debug|x86
		{B1243315-3D31-4DFC-99EC-A8D721B9B52E}.Release|x86.ActiveCfg = Release|x86
		{B1243315-3D31-4DFC-99EC-A8D721B9B52E}.Release|x86.Build.0 = Release|x86
	EndGlobalSection
	GlobalSection(SolutionProperties) = preSolution
		HideSolutionNode = FALSE
	EndGlobalSection
EndGlobal
